
Microsoft Visual Studio Solution File, Format Version 12.00
# Visual Studio Version 17
VisualStudioVersion = 17.3.32929.385
MinimumVisualStudioVersion = 10.0.40219.1
Project("{FAE04EC0-301F-11D3-BF4B-00C04F79EFBC}") = "BusStopDashboard", "BusStopDashboard\BusStopDashboard.csproj", "{AF90AF0C-6F6F-4C2F-8806-D01B0BDFC7CD}"
EndProject
Global
	GlobalSection(SolutionConfigurationPlatforms) = preSolution
		Debug|Any CPU = Debug|Any CPU
		Release|Any CPU = Release|Any CPU
	EndGlobalSection
	GlobalSection(ProjectConfigurationPlatforms) = postSolution
		{AF90AF0C-6F6F-4C2F-8806-D01B0BDFC7CD}.Debug|Any CPU.ActiveCfg = Debug|Any CPU
		{AF90AF0C-6F6F-4C2F-8806-D01B0BDFC7CD}.Debug|Any CPU.Build.0 = Debug|Any CPU
		{AF90AF0C-6F6F-4C2F-8806-D01B0BDFC7CD}.Release|Any CPU.ActiveCfg = Release|Any CPU
		{AF90AF0C-6F6F-4C2F-8806-D01B0BDFC7CD}.Release|Any CPU.Build.0 = Release|Any CPU
	EndGlobalSection
	GlobalSection(SolutionProperties) = preSolution
		HideSolutionNode = FALSE
	EndGlobalSection
	GlobalSection(ExtensibilityGlobals) = postSolution
		SolutionGuid = {DAA3C7FA-CD25-4514-910C-AF599A6D087A}
	EndGlobalSection
EndGlobal
